
Microsoft Visual Studio Solution File, Format Version 12.00
# Visual Studio Version 17
VisualStudioVersion = 17.11.35327.3
MinimumVisualStudioVersion = 10.0.40219.1
Project("{FAE04EC0-301F-11D3-BF4B-00C04F79EFBC}") = "Server_DLL_Windows", "Server_DLL_Windows.csproj", "{3702F53F-1459-4BDF-B1E4-776D405DACF3}"
EndProject
Global
	GlobalSection(SolutionConfigurationPlatforms) = preSolution
		Debug|Any CPU = Debug|Any CPU
		Release|Any CPU = Release|Any CPU
	EndGlobalSection
	GlobalSection(ProjectConfigurationPlatforms) = postSolution
		{3702F53F-1459-4BDF-B1E4-776D405DACF3}.Debug|Any CPU.ActiveCfg = Debug|Any CPU
		{3702F53F-1459-4BDF-B1E4-776D405DACF3}.Debug|Any CPU.Build.0 = Debug|Any CPU
		{3702F53F-1459-4BDF-B1E4-776D405DACF3}.Release|Any CPU.ActiveCfg = Release|Any CPU
		{3702F53F-1459-4BDF-B1E4-776D405DACF3}.Release|Any CPU.Build.0 = Release|Any CPU
	EndGlobalSection
	GlobalSection(SolutionProperties) = preSolution
		HideSolutionNode = FALSE
	EndGlobalSection
	GlobalSection(ExtensibilityGlobals) = postSolution
		SolutionGuid = {36CC6E0A-FC49-42BF-A9DC-6D04C6207DBA}
	EndGlobalSection
EndGlobal
